
Microsoft Visual Studio Solution File, Format Version 12.00
# Visual Studio 15
VisualStudioVersion = 15.0.27703.2035
MinimumVisualStudioVersion = 10.0.40219.1
Project("{FAE04EC0-301F-11D3-BF4B-00C04F79EFBC}") = "betRace", "betRace\betRace.csproj", "{055DC4A3-966B-46B0-83AE-082BCA8B7A07}"
EndProject
Project("{FAE04EC0-301F-11D3-BF4B-00C04F79EFBC}") = "betRaceUnitTest", "betRaceUnitTest\betRaceUnitTest.csproj", "{0381FE16-09DC-4776-8EFA-F41CAC911841}"
EndProject
Global
	GlobalSection(SolutionConfigurationPlatforms) = preSolution
		Debug|Any CPU = Debug|Any CPU
		Release|Any CPU = Release|Any CPU
	EndGlobalSection
	GlobalSection(ProjectConfigurationPlatforms) = postSolution
		{055DC4A3-966B-46B0-83AE-082BCA8B7A07}.Debug|Any CPU.ActiveCfg = Debug|Any CPU
		{055DC4A3-966B-46B0-83AE-082BCA8B7A07}.Debug|Any CPU.Build.0 = Debug|Any CPU
		{055DC4A3-966B-46B0-83AE-082BCA8B7A07}.Release|Any CPU.ActiveCfg = Release|Any CPU
		{055DC4A3-966B-46B0-83AE-082BCA8B7A07}.Release|Any CPU.Build.0 = Release|Any CPU
		{0381FE16-09DC-4776-8EFA-F41CAC911841}.Debug|Any CPU.ActiveCfg = Debug|Any CPU
		{0381FE16-09DC-4776-8EFA-F41CAC911841}.Debug|Any CPU.Build.0 = Debug|Any CPU
		{0381FE16-09DC-4776-8EFA-F41CAC911841}.Release|Any CPU.ActiveCfg = Release|Any CPU
		{0381FE16-09DC-4776-8EFA-F41CAC911841}.Release|Any CPU.Build.0 = Release|Any CPU
	EndGlobalSection
	GlobalSection(SolutionProperties) = preSolution
		HideSolutionNode = FALSE
	EndGlobalSection
	GlobalSection(ExtensibilityGlobals) = postSolution
		SolutionGuid = {CC993E5E-8185-4897-8B61-4F930238A880}
	EndGlobalSection
EndGlobal
